
Microsoft Visual Studio Solution File, Format Version 12.00
# Visual Studio Version 16
VisualStudioVersion = 16.0.30517.126
MinimumVisualStudioVersion = 10.0.40219.1
Project("{8BC9CEB8-8B4A-11D0-8D11-00A0C91BC942}") = "Lab1", "Lab1\Lab1.vcxproj", "{76C304C0-8937-4724-A900-E3791F56A0DD}"
EndProject
Project("{8BC9CEB8-8B4A-11D0-8D11-00A0C91BC942}") = "Lab2", "Lab2\Lab2.vcxproj", "{CDACA580-A78D-4940-88C2-C63B1C4B62A1}"
EndProject
Project("{8BC9CEB8-8B4A-11D0-8D11-00A0C91BC942}") = "Lab3_1", "Lab3_1\Lab3_1.vcxproj", "{ECFA1C8B-9063-4B8B-99E5-B107CD216266}"
EndProject
Project("{8BC9CEB8-8B4A-11D0-8D11-00A0C91BC942}") = "Lab3_2", "Lab3_2\Lab3_2.vcxproj", "{16C467C3-E0FE-4BC1-B260-55BF230FC695}"
EndProject
Project("{8BC9CEB8-8B4A-11D0-8D11-00A0C91BC942}") = "Lab4_1", "Lab4_1\Lab4_1.vcxproj", "{9A0D89CF-8CE6-4E83-82E5-6A2AF446B80D}"
EndProject
Project("{8BC9CEB8-8B4A-11D0-8D11-00A0C91BC942}") = "Lab4_2", "Lab4_2\Lab4_2.vcxproj", "{A81A2B26-3ABB-438C-93F9-67B29B83C1DF}"
EndProject
Project("{8BC9CEB8-8B4A-11D0-8D11-00A0C91BC942}") = "Lab5_1", "Lab5_1\Lab5_1.vcxproj", "{3B6E4554-F592-4358-9FC8-99EFDBAA06CB}"
EndProject
Project("{8BC9CEB8-8B4A-11D0-8D11-00A0C91BC942}") = "Lab5_2", "Lab5_2\Lab5_2.vcxproj", "{13020411-5E88-4160-A33D-034285FFA631}"
EndProject
Project("{8BC9CEB8-8B4A-11D0-8D11-00A0C91BC942}") = "Lab5_3", "Lab5_3\Lab5_3.vcxproj", "{F9D45293-38B5-431D-902E-C443732C2263}"
EndProject
Project("{8BC9CEB8-8B4A-11D0-8D11-00A0C91BC942}") = "Lab5_4", "Lab5_4\Lab5_4.vcxproj", "{E64B72BB-9672-4C87-92AE-B097563E1F96}"
EndProject
Global
	GlobalSection(SolutionConfigurationPlatforms) = preSolution
		Debug|x64 = Debug|x64
		Debug|x86 = Debug|x86
		Release|x64 = Release|x64
		Release|x86 = Release|x86
	EndGlobalSection
	GlobalSection(ProjectConfigurationPlatforms) = postSolution
		{76C304C0-8937-4724-A900-E3791F56A0DD}.Debug|x64.ActiveCfg = Debug|x64
		{76C304C0-8937-4724-A900-E3791F56A0DD}.Debug|x64.Build.0 = Debug|x64
		{76C304C0-8937-4724-A900-E3791F56A0DD}.Debug|x86.ActiveCfg = Debug|Win32
		{76C304C0-8937-4724-A900-E3791F56A0DD}.Debug|x86.Build.0 = Debug|Win32
		{76C304C0-8937-4724-A900-E3791F56A0DD}.Release|x64.ActiveCfg = Release|x64
		{76C304C0-8937-4724-A900-E3791F56A0DD}.Release|x64.Build.0 = Release|x64
		{76C304C0-8937-4724-A900-E3791F56A0DD}.Release|x86.ActiveCfg = Release|Win32
		{76C304C0-8937-4724-A900-E3791F56A0DD}.Release|x86.Build.0 = Release|Win32
		{CDACA580-A78D-4940-88C2-C63B1C4B62A1}.Debug|x64.ActiveCfg = Debug|x64
		{CDACA580-A78D-4940-88C2-C63B1C4B62A1}.Debug|x64.Build.0 = Debug|x64
		{CDACA580-A78D-4940-88C2-C63B1C4B62A1}.Debug|x86.ActiveCfg = Debug|Win32
		{CDACA580-A78D-4940-88C2-C63B1C4B62A1}.Debug|x86.Build.0 = Debug|Win32
		{CDACA580-A78D-4940-88C2-C63B1C4B62A1}.Release|x64.ActiveCfg = Release|x64
		{CDACA580-A78D-4940-88C2-C63B1C4B62A1}.Release|x64.Build.0 = Release|x64
		{CDACA580-A78D-4940-88C2-C63B1C4B62A1}.Release|x86.ActiveCfg = Release|Win32
		{CDACA580-A78D-4940-88C2-C63B1C4B62A1}.Release|x86.Build.0 = Release|Win32
		{ECFA1C8B-9063-4B8B-99E5-B107CD216266}.Debug|x64.ActiveCfg = Debug|x64
		{ECFA1C8B-9063-4B8B-99E5-B107CD216266}.Debug|x64.Build.0 = Debug|x64
		{ECFA1C8B-9063-4B8B-99E5-B107CD216266}.Debug|x86.ActiveCfg = Debug|Win32
		{ECFA1C8B-9063-4B8B-99E5-B107CD216266}.Debug|x86.Build.0 = Debug|Win32
		{ECFA1C8B-9063-4B8B-99E5-B107CD216266}.Release|x64.ActiveCfg = Release|x64
		{ECFA1C8B-9063-4B8B-99E5-B107CD216266}.Release|x64.Build.0 = Release|x64
		{ECFA1C8B-9063-4B8B-99E5-B107CD216266}.Release|x86.ActiveCfg = Release|Win32
		{ECFA1C8B-9063-4B8B-99E5-B107CD216266}.Release|x86.Build.0 = Release|Win32
		{16C467C3-E0FE-4BC1-B260-55BF230FC695}.Debug|x64.ActiveCfg = Debug|x64
		{16C467C3-E0FE-4BC1-B260-55BF230FC695}.Debug|x64.Build.0 = Debug|x64
		{16C467C3-E0FE-4BC1-B260-55BF230FC695}.Debug|x86.ActiveCfg = Debug|Win32
		{16C467C3-E0FE-4BC1-B260-55BF230FC695}.Debug|x86.Build.0 = Debug|Win32
		{16C467C3-E0FE-4BC1-B260-55BF230FC695}.Release|x64.ActiveCfg = Release|x64
		{16C467C3-E0FE-4BC1-B260-55BF230FC695}.Release|x64.Build.0 = Release|x64
		{16C467C3-E0FE-4BC1-B260-55BF230FC695}.Release|x86.ActiveCfg = Release|Win32
		{16C467C3-E0FE-4BC1-B260-55BF230FC695}.Release|x86.Build.0 = Release|Win32
		{9A0D89CF-8CE6-4E83-82E5-6A2AF446B80D}.Debug|x64.ActiveCfg = Debug|x64
		{9A0D89CF-8CE6-4E83-82E5-6A2AF446B80D}.Debug|x64.Build.0 = Debug|x64
		{9A0D89CF-8CE6-4E83-82E5-6A2AF446B80D}.Debug|x86.ActiveCfg = Debug|Win32
		{9A0D89CF-8CE6-4E83-82E5-6A2AF446B80D}.Debug|x86.Build.0 = Debug|Win32
		{9A0D89CF-8CE6-4E83-82E5-6A2AF446B80D}.Release|x64.ActiveCfg = Release|x64
		{9A0D89CF-8CE6-4E83-82E5-6A2AF446B80D}.Release|x64.Build.0 = Release|x64
		{9A0D89CF-8CE6-4E83-82E5-6A2AF446B80D}.Release|x86.ActiveCfg = Release|Win32
		{9A0D89CF-8CE6-4E83-82E5-6A2AF446B80D}.Release|x86.Build.0 = Release|Win32
		{A81A2B26-3ABB-438C-93F9-67B29B83C1DF}.Debug|x64.ActiveCfg = Debug|x64
		{A81A2B26-3ABB-438C-93F9-67B29B83C1DF}.Debug|x64.Build.0 = Debug|x64
		{A81A2B26-3ABB-438C-93F9-67B29B83C1DF}.Debug|x86.ActiveCfg = Debug|Win32
		{A81A2B26-3ABB-438C-93F9-67B29B83C1DF}.Debug|x86.Build.0 = Debug|Win32
		{A81A2B26-3ABB-438C-93F9-67B29B83C1DF}.Release|x64.ActiveCfg = Release|x64
		{A81A2B26-3ABB-438C-93F9-67B29B83C1DF}.Release|x64.Build.0 = Release|x64
		{A81A2B26-3ABB-438C-93F9-67B29B83C1DF}.Release|x86.ActiveCfg = Release|Win32
		{A81A2B26-3ABB-438C-93F9-67B29B83C1DF}.Release|x86.Build.0 = Release|Win32
		{3B6E4554-F592-4358-9FC8-99EFDBAA06CB}.Debug|x64.ActiveCfg = Debug|x64
		{3B6E4554-F592-4358-9FC8-99EFDBAA06CB}.Debug|x64.Build.0 = Debug|x64
		{3B6E4554-F592-4358-9FC8-99EFDBAA06CB}.Debug|x86.ActiveCfg = Debug|Win32
		{3B6E4554-F592-4358-9FC8-99EFDBAA06CB}.Debug|x86.Build.0 = Debug|Win32
		{3B6E4554-F592-4358-9FC8-99EFDBAA06CB}.Release|x64.ActiveCfg = Release|x64
		{3B6E4554-F592-4358-9FC8-99EFDBAA06CB}.Release|x64.Build.0 = Release|x64
		{3B6E4554-F592-4358-9FC8-99EFDBAA06CB}.Release|x86.ActiveCfg = Release|Win32
		{3B6E4554-F592-4358-9FC8-99EFDBAA06CB}.Release|x86.Build.0 = Release|Win32
		{13020411-5E88-4160-A33D-034285FFA631}.Debug|x64.ActiveCfg = Debug|x64
		{13020411-5E88-4160-A33D-034285FFA631}.Debug|x64.Build.0 = Debug|x64
		{13020411-5E88-4160-A33D-034285FFA631}.Debug|x86.ActiveCfg = Debug|Win32
		{13020411-5E88-4160-A33D-034285FFA631}.Debug|x86.Build.0 = Debug|Win32
		{13020411-5E88-4160-A33D-034285FFA631}.Release|x64.ActiveCfg = Release|x64
		{13020411-5E88-4160-A33D-034285FFA631}.Release|x64.Build.0 = Release|x64
		{13020411-5E88-4160-A33D-034285FFA631}.Release|x86.ActiveCfg = Release|Win32
		{13020411-5E88-4160-A33D-034285FFA631}.Release|x86.Build.0 = Release|Win32
		{F9D45293-38B5-431D-902E-C443732C2263}.Debug|x64.ActiveCfg = Debug|x64
		{F9D45293-38B5-431D-902E-C443732C2263}.Debug|x64.Build.0 = Debug|x64
		{F9D45293-38B5-431D-902E-C443732C2263}.Debug|x86.ActiveCfg = Debug|Win32
		{F9D45293-38B5-431D-902E-C443732C2263}.Debug|x86.Build.0 = Debug|Win32
		{F9D45293-38B5-431D-902E-C443732C2263}.Release|x64.ActiveCfg = Release|x64
		{F9D45293-38B5-431D-902E-C443732C2263}.Release|x64.Build.0 = Release|x64
		{F9D45293-38B5-431D-902E-C443732C2263}.Release|x86.ActiveCfg = Release|Win32
		{F9D45293-38B5-431D-902E-C443732C2263}.Release|x86.Build.0 = Release|Win32
		{E64B72BB-9672-4C87-92AE-B097563E1F96}.Debug|x64.ActiveCfg = Debug|x64
		{E64B72BB-9672-4C87-92AE-B097563E1F96}.Debug|x64.Build.0 = Debug|x64
		{E64B72BB-9672-4C87-92AE-B097563E1F96}.Debug|x86.ActiveCfg = Debug|Win32
		{E64B72BB-9672-4C87-92AE-B097563E1F96}.Debug|x86.Build.0 = Debug|Win32
		{E64B72BB-9672-4C87-92AE-B097563E1F96}.Release|x64.ActiveCfg = Release|x64
		{E64B72BB-9672-4C87-92AE-B097563E1F96}.Release|x64.Build.0 = Release|x64
		{E64B72BB-9672-4C87-92AE-B097563E1F96}.Release|x86.ActiveCfg = Release|Win32
		{E64B72BB-9672-4C87-92AE-B097563E1F96}.Release|x86.Build.0 = Release|Win32
	EndGlobalSection
	GlobalSection(SolutionProperties) = preSolution
		HideSolutionNode = FALSE
	EndGlobalSection
	GlobalSection(ExtensibilityGlobals) = postSolution
		SolutionGuid = {74628D48-62A5-4F15-A88B-8E299F6E4184}
	EndGlobalSection
EndGlobal
